
Microsoft Visual Studio Solution File, Format Version 12.00
# Visual Studio 15
VisualStudioVersion = 15.0.27703.2042
MinimumVisualStudioVersion = 10.0.40219.1
Project("{9A19103F-16F7-4668-BE54-9A1E7A4F7556}") = "TodoLists", "TodoLists\TodoLists.csproj", "{35CA4085-1FA7-43FA-A2CA-A52BD9A23490}"
EndProject
Project("{FAE04EC0-301F-11D3-BF4B-00C04F79EFBC}") = "WebApiTesting", "WebApiTesting\WebApiTesting.csproj", "{06B33887-AAB1-4EB4-AA74-85FF0E42A92D}"
EndProject
Global
	GlobalSection(SolutionConfigurationPlatforms) = preSolution
		Debug|Any CPU = Debug|Any CPU
		Release|Any CPU = Release|Any CPU
	EndGlobalSection
	GlobalSection(ProjectConfigurationPlatforms) = postSolution
		{35CA4085-1FA7-43FA-A2CA-A52BD9A23490}.Debug|Any CPU.ActiveCfg = Debug|Any CPU
		{35CA4085-1FA7-43FA-A2CA-A52BD9A23490}.Debug|Any CPU.Build.0 = Debug|Any CPU
		{35CA4085-1FA7-43FA-A2CA-A52BD9A23490}.Release|Any CPU.ActiveCfg = Release|Any CPU
		{35CA4085-1FA7-43FA-A2CA-A52BD9A23490}.Release|Any CPU.Build.0 = Release|Any CPU
		{06B33887-AAB1-4EB4-AA74-85FF0E42A92D}.Debug|Any CPU.ActiveCfg = Debug|Any CPU
		{06B33887-AAB1-4EB4-AA74-85FF0E42A92D}.Debug|Any CPU.Build.0 = Debug|Any CPU
		{06B33887-AAB1-4EB4-AA74-85FF0E42A92D}.Release|Any CPU.ActiveCfg = Release|Any CPU
		{06B33887-AAB1-4EB4-AA74-85FF0E42A92D}.Release|Any CPU.Build.0 = Release|Any CPU
	EndGlobalSection
	GlobalSection(SolutionProperties) = preSolution
		HideSolutionNode = FALSE
	EndGlobalSection
	GlobalSection(ExtensibilityGlobals) = postSolution
		SolutionGuid = {3058B4EF-5021-433F-9749-ED24E979CC58}
	EndGlobalSection
EndGlobal
